// !$*UTF8*$!
{
	archiveVersion = 1;
	classes = {
	};
	objectVersion = 55;
	objects = {

/* Begin PBXCopyFilesBuildPhase section */
		DE00D8C7287EE218002F7CBE /* CopyFiles */ = {
			isa = PBXCopyFilesBuildPhase;
			buildActionMask = 2147483647;
			dstPath = /usr/share/man/man1/;
			dstSubfolderSpec = 0;
			files = (
			);
			runOnlyForDeploymentPostprocessing = 1;
		};
/* End PBXCopyFilesBuildPhase section */

/* Begin PBXFileReference section */
		DE00D8C9287EE218002F7CBE /* DataStructure */ = {isa = PBXFileReference; explicitFileType = "compiled.mach-o.executable"; includeInIndex = 0; path = DataStructure; sourceTree = BUILT_PRODUCTS_DIR; };
		DE00D8D3287EE239002F7CBE /* 10828.cpp */ = {isa = PBXFileReference; lastKnownFileType = sourcecode.cpp.cpp; path = 10828.cpp; sourceTree = "<group>"; };
		DE06846128E99EDE0003FAAF /* 1992.cpp */ = {isa = PBXFileReference; lastKnownFileType = sourcecode.cpp.cpp; path = 1992.cpp; sourceTree = "<group>"; };
		DE0797262B92C82B0003EC38 /* 11478.cpp */ = {isa = PBXFileReference; lastKnownFileType = sourcecode.cpp.cpp; path = 11478.cpp; sourceTree = "<group>"; };
		DE0797282B92E41F0003EC38 /* 9536.cpp */ = {isa = PBXFileReference; lastKnownFileType = sourcecode.cpp.cpp; path = 9536.cpp; sourceTree = "<group>"; };
		DE07972A2B92EC9C0003EC38 /* 1541.cpp */ = {isa = PBXFileReference; lastKnownFileType = sourcecode.cpp.cpp; path = 1541.cpp; sourceTree = "<group>"; };
		DE07972C2B92F67C0003EC38 /* 15650.cpp */ = {isa = PBXFileReference; lastKnownFileType = sourcecode.cpp.cpp; path = 15650.cpp; sourceTree = "<group>"; };
		DE07972E2B93664D0003EC38 /* 15651.cpp */ = {isa = PBXFileReference; lastKnownFileType = sourcecode.cpp.cpp; path = 15651.cpp; sourceTree = "<group>"; };
		DE0797302B936DBA0003EC38 /* 15652.cpp */ = {isa = PBXFileReference; lastKnownFileType = sourcecode.cpp.cpp; path = 15652.cpp; sourceTree = "<group>"; };
		DE0797322B93710D0003EC38 /* 15654.cpp */ = {isa = PBXFileReference; lastKnownFileType = sourcecode.cpp.cpp; path = 15654.cpp; sourceTree = "<group>"; };
		DE0797342B9378440003EC38 /* 15655.cpp */ = {isa = PBXFileReference; lastKnownFileType = sourcecode.cpp.cpp; path = 15655.cpp; sourceTree = "<group>"; };
		DE0797362B937C7B0003EC38 /* 2206.cpp */ = {isa = PBXFileReference; lastKnownFileType = sourcecode.cpp.cpp; path = 2206.cpp; sourceTree = "<group>"; };
		DE07CF3B2B5FDB57001CF9A5 /* 13335.cpp */ = {isa = PBXFileReference; lastKnownFileType = sourcecode.cpp.cpp; path = 13335.cpp; sourceTree = "<group>"; };
		DE159DD128B9B73300044F4E /* 9184.cpp */ = {isa = PBXFileReference; lastKnownFileType = sourcecode.cpp.cpp; path = 9184.cpp; sourceTree = "<group>"; };
		DE1A17292BB0463200160FEE /* 20310.cpp */ = {isa = PBXFileReference; lastKnownFileType = sourcecode.cpp.cpp; path = 20310.cpp; sourceTree = "<group>"; };
		DE1A172B2BB0582E00160FEE /* 19637.cpp */ = {isa = PBXFileReference; lastKnownFileType = sourcecode.cpp.cpp; path = 19637.cpp; sourceTree = "<group>"; };
		DE25D2392BA099FB0094D88E /* 2668.cpp */ = {isa = PBXFileReference; lastKnownFileType = sourcecode.cpp.cpp; path = 2668.cpp; sourceTree = "<group>"; };
		DE2740AF2B87781300F6BA01 /* 15683.cpp */ = {isa = PBXFileReference; lastKnownFileType = sourcecode.cpp.cpp; path = 15683.cpp; sourceTree = "<group>"; };
		DE2937762B57D806006CC62C /* 15686.cpp */ = {isa = PBXFileReference; lastKnownFileType = sourcecode.cpp.cpp; path = 15686.cpp; sourceTree = "<group>"; };
		DE2937782B57FC33006CC62C /* 14503.cpp */ = {isa = PBXFileReference; lastKnownFileType = sourcecode.cpp.cpp; path = 14503.cpp; sourceTree = "<group>"; };
		DE29377C2B58B82A006CC62C /* 20055.cpp */ = {isa = PBXFileReference; lastKnownFileType = sourcecode.cpp.cpp; path = 20055.cpp; sourceTree = "<group>"; };
		DE29377E2B58EA14006CC62C /* 1138.cpp */ = {isa = PBXFileReference; lastKnownFileType = sourcecode.cpp.cpp; path = 1138.cpp; sourceTree = "<group>"; };
		DE2937802B5914EB006CC62C /* 17829.cpp */ = {isa = PBXFileReference; lastKnownFileType = sourcecode.cpp.cpp; path = 17829.cpp; sourceTree = "<group>"; };
		DE2937822B591C71006CC62C /* 2583.cpp */ = {isa = PBXFileReference; lastKnownFileType = sourcecode.cpp.cpp; path = 2583.cpp; sourceTree = "<group>"; };
		DE2A33AE2B609C2F0004B885 /* 14889.cpp */ = {isa = PBXFileReference; lastKnownFileType = sourcecode.cpp.cpp; path = 14889.cpp; sourceTree = "<group>"; };
		DE2A33B02B60B3670004B885 /* 1991.cpp */ = {isa = PBXFileReference; lastKnownFileType = sourcecode.cpp.cpp; path = 1991.cpp; sourceTree = "<group>"; };
		DE2A33B22B60D7430004B885 /* 7562.cpp */ = {isa = PBXFileReference; lastKnownFileType = sourcecode.cpp.cpp; path = 7562.cpp; sourceTree = "<group>"; };
		DE2A33B42B60E0D40004B885 /* 1012.cpp */ = {isa = PBXFileReference; lastKnownFileType = sourcecode.cpp.cpp; path = 1012.cpp; sourceTree = "<group>"; };
		DE2A33B62B60E9680004B885 /* 5014.cpp */ = {isa = PBXFileReference; lastKnownFileType = sourcecode.cpp.cpp; path = 5014.cpp; sourceTree = "<group>"; };
		DE2A33B82B60F3640004B885 /* 2468.cpp */ = {isa = PBXFileReference; lastKnownFileType = sourcecode.cpp.cpp; path = 2468.cpp; sourceTree = "<group>"; };
		DE2A33BA2B6100520004B885 /* 6593.cpp */ = {isa = PBXFileReference; lastKnownFileType = sourcecode.cpp.cpp; path = 6593.cpp; sourceTree = "<group>"; };
		DE2D0C0F2B2D3D6E0063CE81 /* 2579.cpp */ = {isa = PBXFileReference; lastKnownFileType = sourcecode.cpp.cpp; path = 2579.cpp; sourceTree = "<group>"; };
		DE2D0C112B2D67600063CE81 /* 12865.cpp */ = {isa = PBXFileReference; lastKnownFileType = sourcecode.cpp.cpp; path = 12865.cpp; sourceTree = "<group>"; };
		DE2D0C132B2DE1E30063CE81 /* 1463.cpp */ = {isa = PBXFileReference; lastKnownFileType = sourcecode.cpp.cpp; path = 1463.cpp; sourceTree = "<group>"; };
		DE3A4CF32BB1BB2700D77F22 /* 15989.cpp */ = {isa = PBXFileReference; lastKnownFileType = sourcecode.cpp.cpp; path = 15989.cpp; sourceTree = "<group>"; };
		DE3A4CF52BB1BB4D00D77F22 /* 16918.cpp */ = {isa = PBXFileReference; lastKnownFileType = sourcecode.cpp.cpp; path = 16918.cpp; sourceTree = "<group>"; };
		DE3D938E29E172AF007134CE /* 2210.cpp */ = {isa = PBXFileReference; lastKnownFileType = sourcecode.cpp.cpp; path = 2210.cpp; sourceTree = "<group>"; };
		DE412EE02B5F499200098CC7 /* 9372.cpp */ = {isa = PBXFileReference; lastKnownFileType = sourcecode.cpp.cpp; path = 9372.cpp; sourceTree = "<group>"; };
		DE412EE22B5F5B4800098CC7 /* 9934.cpp */ = {isa = PBXFileReference; lastKnownFileType = sourcecode.cpp.cpp; path = 9934.cpp; sourceTree = "<group>"; };
		DE412EE42B5F82B400098CC7 /* 13913.cpp */ = {isa = PBXFileReference; lastKnownFileType = sourcecode.cpp.cpp; path = 13913.cpp; sourceTree = "<group>"; };
		DE464E292B972FB2006BC36D /* 1927.cpp */ = {isa = PBXFileReference; fileEncoding = 4; lastKnownFileType = sourcecode.cpp.cpp; path = 1927.cpp; sourceTree = "<group>"; };
		DE464E2A2B972FB2006BC36D /* 20922.cpp */ = {isa = PBXFileReference; fileEncoding = 4; lastKnownFileType = sourcecode.cpp.cpp; path = 20922.cpp; sourceTree = "<group>"; };
		DE464E2B2B972FB2006BC36D /* 22233.cpp */ = {isa = PBXFileReference; fileEncoding = 4; lastKnownFileType = sourcecode.cpp.cpp; path = 22233.cpp; sourceTree = "<group>"; };
		DE464E2C2B972FB2006BC36D /* 2304.cpp */ = {isa = PBXFileReference; fileEncoding = 4; lastKnownFileType = sourcecode.cpp.cpp; path = 2304.cpp; sourceTree = "<group>"; };
		DE464E312B972FD4006BC36D /* 20006.cpp */ = {isa = PBXFileReference; lastKnownFileType = sourcecode.cpp.cpp; path = 20006.cpp; sourceTree = "<group>"; };
		DE4B66A229DAD0C100B9A0DE /* 2751.cpp */ = {isa = PBXFileReference; lastKnownFileType = sourcecode.cpp.cpp; path = 2751.cpp; sourceTree = "<group>"; };
		DE4D2B8E2B9D62010095D6A8 /* 20437.cpp */ = {isa = PBXFileReference; lastKnownFileType = sourcecode.cpp.cpp; path = 20437.cpp; sourceTree = "<group>"; };
		DE4D2B912B9D84940095D6A8 /* 15988.cpp */ = {isa = PBXFileReference; lastKnownFileType = sourcecode.cpp.cpp; path = 15988.cpp; sourceTree = "<group>"; };
		DE4D2B932B9D895A0095D6A8 /* 11052.cpp */ = {isa = PBXFileReference; lastKnownFileType = sourcecode.cpp.cpp; path = 11052.cpp; sourceTree = "<group>"; };
		DE4D2B952B9F31B60095D6A8 /* 5972.cpp */ = {isa = PBXFileReference; lastKnownFileType = sourcecode.cpp.cpp; path = 5972.cpp; sourceTree = "<group>"; };
		DE4FE36E2B5D449A0008BBB2 /* 11403.cpp */ = {isa = PBXFileReference; lastKnownFileType = sourcecode.cpp.cpp; path = 11403.cpp; sourceTree = "<group>"; };
		DE4FE3702B5D55D10008BBB2 /* 2660.cpp */ = {isa = PBXFileReference; lastKnownFileType = sourcecode.cpp.cpp; path = 2660.cpp; sourceTree = "<group>"; };
		DE529AD02B722BD50050413C /* 11727.cpp */ = {isa = PBXFileReference; lastKnownFileType = sourcecode.cpp.cpp; path = 11727.cpp; sourceTree = "<group>"; };
		DE529AD32B7235940050413C /* 1912.cpp */ = {isa = PBXFileReference; lastKnownFileType = sourcecode.cpp.cpp; path = 1912.cpp; sourceTree = "<group>"; };
		DE529AD52B7236E90050413C /* 2302.cpp */ = {isa = PBXFileReference; lastKnownFileType = sourcecode.cpp.cpp; path = 2302.cpp; sourceTree = "<group>"; };
		DE529AD72B7253D50050413C /* 9465.cpp */ = {isa = PBXFileReference; lastKnownFileType = sourcecode.cpp.cpp; path = 9465.cpp; sourceTree = "<group>"; };
		DE529AD92B7277BC0050413C /* 11057.cpp */ = {isa = PBXFileReference; lastKnownFileType = sourcecode.cpp.cpp; path = 11057.cpp; sourceTree = "<group>"; };
		DE52D3ED2B9885BF0057F1FA /* 1347.cpp */ = {isa = PBXFileReference; lastKnownFileType = sourcecode.cpp.cpp; path = 1347.cpp; sourceTree = "<group>"; };
		DE52D3EF2B988FE40057F1FA /* 1522.cpp */ = {isa = PBXFileReference; lastKnownFileType = sourcecode.cpp.cpp; path = 1522.cpp; sourceTree = "<group>"; };
		DE52F00C2BBD65B30087F5B8 /* 1236.cpp */ = {isa = PBXFileReference; lastKnownFileType = sourcecode.cpp.cpp; path = 1236.cpp; sourceTree = "<group>"; };
		DE52F00E2BBD75180087F5B8 /* 1268.cpp */ = {isa = PBXFileReference; lastKnownFileType = sourcecode.cpp.cpp; path = 1268.cpp; sourceTree = "<group>"; };
		DE52F0102BBD7B7C0087F5B8 /* 16236.cpp */ = {isa = PBXFileReference; lastKnownFileType = sourcecode.cpp.cpp; path = 16236.cpp; sourceTree = "<group>"; };
		DE53C1202B8C9C690099CB79 /* 7662.cpp */ = {isa = PBXFileReference; lastKnownFileType = sourcecode.cpp.cpp; path = 7662.cpp; sourceTree = "<group>"; };
		DE53C1222B8CBAD80099CB79 /* 12919.cpp */ = {isa = PBXFileReference; lastKnownFileType = sourcecode.cpp.cpp; path = 12919.cpp; sourceTree = "<group>"; };
		DE56F4BE2AB80AC5000E5A5E /* 3184.cpp */ = {isa = PBXFileReference; lastKnownFileType = sourcecode.cpp.cpp; path = 3184.cpp; sourceTree = "<group>"; };
		DE5A2CD42B7E33F30082431B /* 1707.cpp */ = {isa = PBXFileReference; lastKnownFileType = sourcecode.cpp.cpp; path = 1707.cpp; sourceTree = "<group>"; };
		DE5B492128A105BD00BBEDF0 /* 11725.cpp */ = {isa = PBXFileReference; lastKnownFileType = sourcecode.cpp.cpp; path = 11725.cpp; sourceTree = "<group>"; };
		DE5BAF702AEBA62D0005C646 /* 1149.cpp */ = {isa = PBXFileReference; lastKnownFileType = sourcecode.cpp.cpp; path = 1149.cpp; sourceTree = "<group>"; };
		DE5C1F512B7F632000D5FB0F /* 2170.cpp */ = {isa = PBXFileReference; lastKnownFileType = sourcecode.cpp.cpp; path = 2170.cpp; sourceTree = "<group>"; };
		DE5C1F572B80D07200D5FB0F /* 21608.cpp */ = {isa = PBXFileReference; lastKnownFileType = sourcecode.cpp.cpp; path = 21608.cpp; sourceTree = "<group>"; };
		DE62E70F2B91C0F0004E3373 /* 2146.cpp */ = {isa = PBXFileReference; lastKnownFileType = sourcecode.cpp.cpp; path = 2146.cpp; sourceTree = "<group>"; };
		DE62E7112B91D61D004E3373 /* 2002.cpp */ = {isa = PBXFileReference; lastKnownFileType = sourcecode.cpp.cpp; path = 2002.cpp; sourceTree = "<group>"; };
		DE6448E62B49900200E7FCDF /* 2178-1.cpp */ = {isa = PBXFileReference; lastKnownFileType = sourcecode.cpp.cpp; path = "2178-1.cpp"; sourceTree = "<group>"; };
		DE6448EE2B4A9FFF00E7FCDF /* 1743.cpp */ = {isa = PBXFileReference; lastKnownFileType = sourcecode.cpp.cpp; path = 1743.cpp; sourceTree = "<group>"; };
		DE6448F02B4AA7D600E7FCDF /* 16953.cpp */ = {isa = PBXFileReference; lastKnownFileType = sourcecode.cpp.cpp; path = 16953.cpp; sourceTree = "<group>"; };
		DE6689B22B8F526B00048F4E /* 17609.cpp */ = {isa = PBXFileReference; lastKnownFileType = sourcecode.cpp.cpp; path = 17609.cpp; sourceTree = "<group>"; };
		DE68248F288D5179000A3E02 /* 18258.cpp */ = {isa = PBXFileReference; lastKnownFileType = sourcecode.cpp.cpp; path = 18258.cpp; sourceTree = "<group>"; };
		DE682492288D58DE000A3E02 /* 11866.cpp */ = {isa = PBXFileReference; lastKnownFileType = sourcecode.cpp.cpp; path = 11866.cpp; sourceTree = "<group>"; };
		DE6859922AEA09B80063EA86 /* 9095.cpp */ = {isa = PBXFileReference; lastKnownFileType = sourcecode.cpp.cpp; path = 9095.cpp; sourceTree = "<group>"; };
		DE6859942AEA14BD0063EA86 /* 2748.cpp */ = {isa = PBXFileReference; lastKnownFileType = sourcecode.cpp.cpp; path = 2748.cpp; sourceTree = "<group>"; };
		DE6859972AEA164A0063EA86 /* 14501.cpp */ = {isa = PBXFileReference; lastKnownFileType = sourcecode.cpp.cpp; path = 14501.cpp; sourceTree = "<group>"; };
		DE6E0A2C2896B6E700A358E6 /* 10866.cpp */ = {isa = PBXFileReference; lastKnownFileType = sourcecode.cpp.cpp; path = 10866.cpp; sourceTree = "<group>"; };
		DE6E0A322896C2DA00A358E6 /* 1021.cpp */ = {isa = PBXFileReference; lastKnownFileType = sourcecode.cpp.cpp; path = 1021.cpp; sourceTree = "<group>"; };
		DE7122FD2B942C680066F30C /* 15656.cpp */ = {isa = PBXFileReference; lastKnownFileType = sourcecode.cpp.cpp; path = 15656.cpp; sourceTree = "<group>"; };
		DE7122FF2B942E060066F30C /* 15657.cpp */ = {isa = PBXFileReference; lastKnownFileType = sourcecode.cpp.cpp; path = 15657.cpp; sourceTree = "<group>"; };
		DE7123012B942F1C0066F30C /* 15663.cpp */ = {isa = PBXFileReference; lastKnownFileType = sourcecode.cpp.cpp; path = 15663.cpp; sourceTree = "<group>"; };
		DE7123032B94401C0066F30C /* 15664.cpp */ = {isa = PBXFileReference; lastKnownFileType = sourcecode.cpp.cpp; path = 15664.cpp; sourceTree = "<group>"; };
		DE7123052B9443DC0066F30C /* 15665.cpp */ = {isa = PBXFileReference; lastKnownFileType = sourcecode.cpp.cpp; path = 15665.cpp; sourceTree = "<group>"; };
		DE7123082B9445050066F30C /* 15666.cpp */ = {isa = PBXFileReference; lastKnownFileType = sourcecode.cpp.cpp; path = 15666.cpp; sourceTree = "<group>"; };
		DE71230A2B94483C0066F30C /* 17281.cpp */ = {isa = PBXFileReference; lastKnownFileType = sourcecode.cpp.cpp; path = 17281.cpp; sourceTree = "<group>"; };
		DE71230C2B946A320066F30C /* 2290.cpp */ = {isa = PBXFileReference; lastKnownFileType = sourcecode.cpp.cpp; path = 2290.cpp; sourceTree = "<group>"; };
		DE71230E2B94893D0066F30C /* 16113.cpp */ = {isa = PBXFileReference; lastKnownFileType = sourcecode.cpp.cpp; path = 16113.cpp; sourceTree = "<group>"; };
		DE7123102B94ABCD0066F30C /* 9017.cpp */ = {isa = PBXFileReference; lastKnownFileType = sourcecode.cpp.cpp; path = 9017.cpp; sourceTree = "<group>"; };
		DE720B692B777CBE00EB1166 /* 2636.cpp */ = {isa = PBXFileReference; lastKnownFileType = sourcecode.cpp.cpp; path = 2636.cpp; sourceTree = "<group>"; };
		DE75A4EF2B7381F2009CC7CE /* 2156.cpp */ = {isa = PBXFileReference; lastKnownFileType = sourcecode.cpp.cpp; path = 2156.cpp; sourceTree = "<group>"; };
		DE75A4F12B73869E009CC7CE /* 2573.cpp */ = {isa = PBXFileReference; lastKnownFileType = sourcecode.cpp.cpp; path = 2573.cpp; sourceTree = "<group>"; };
		DE75A4F32B73AB1A009CC7CE /* 11660.cpp */ = {isa = PBXFileReference; lastKnownFileType = sourcecode.cpp.cpp; path = 11660.cpp; sourceTree = "<group>"; };
		DE75A4F62B75E5CA009CC7CE /* 4179.cpp */ = {isa = PBXFileReference; lastKnownFileType = sourcecode.cpp.cpp; path = 4179.cpp; sourceTree = "<group>"; };
		DE75A4F82B76045C009CC7CE /* 15486.cpp */ = {isa = PBXFileReference; lastKnownFileType = sourcecode.cpp.cpp; path = 15486.cpp; sourceTree = "<group>"; };
		DE75A4FA2B761B13009CC7CE /* 1068.cpp */ = {isa = PBXFileReference; lastKnownFileType = sourcecode.cpp.cpp; path = 1068.cpp; sourceTree = "<group>"; };
		DE784BF02B82082C0020D8D4 /* 14502.cpp */ = {isa = PBXFileReference; lastKnownFileType = sourcecode.cpp.cpp; path = 14502.cpp; sourceTree = "<group>"; };
		DE7B439D2B2B069300CF950F /* 2839.cpp */ = {isa = PBXFileReference; lastKnownFileType = sourcecode.cpp.cpp; path = 2839.cpp; sourceTree = "<group>"; };
		DE7ED2B828C5C7C200C739DE /* 14888.cpp */ = {isa = PBXFileReference; lastKnownFileType = sourcecode.cpp.cpp; path = 14888.cpp; sourceTree = "<group>"; };
		DE7FC0222B30485600C07136 /* 11722.cpp */ = {isa = PBXFileReference; lastKnownFileType = sourcecode.cpp.cpp; path = 11722.cpp; sourceTree = "<group>"; };
		DE80A5BE2B79B9E3006F6CCD /* 1043.cpp */ = {isa = PBXFileReference; lastKnownFileType = sourcecode.cpp.cpp; path = 1043.cpp; sourceTree = "<group>"; };
		DE80A5C02B79E089006F6CCD /* 2565.cpp */ = {isa = PBXFileReference; lastKnownFileType = sourcecode.cpp.cpp; path = 2565.cpp; sourceTree = "<group>"; };
		DE80A5C22B7A0B92006F6CCD /* 14921.cpp */ = {isa = PBXFileReference; lastKnownFileType = sourcecode.cpp.cpp; path = 14921.cpp; sourceTree = "<group>"; };
		DE80A5C62B7A2933006F6CCD /* 1389.cpp */ = {isa = PBXFileReference; lastKnownFileType = sourcecode.cpp.cpp; path = 1389.cpp; sourceTree = "<group>"; };
		DE80A5C82B7A401B006F6CCD /* 6118.cpp */ = {isa = PBXFileReference; lastKnownFileType = sourcecode.cpp.cpp; path = 6118.cpp; sourceTree = "<group>"; };
		DE80A5CA2B7A430B006F6CCD /* 6198.cpp */ = {isa = PBXFileReference; lastKnownFileType = sourcecode.cpp.cpp; path = 6198.cpp; sourceTree = "<group>"; };
		DE83C73C29D148E600C3E475 /* 2309.cpp */ = {isa = PBXFileReference; lastKnownFileType = sourcecode.cpp.cpp; path = 2309.cpp; sourceTree = "<group>"; };
		DE86ACE12B5BE30A00B46CA2 /* 16987.cpp */ = {isa = PBXFileReference; lastKnownFileType = sourcecode.cpp.cpp; path = 16987.cpp; sourceTree = "<group>"; };
		DE872BF62AE4C1750021D980 /* 4963.cpp */ = {isa = PBXFileReference; lastKnownFileType = sourcecode.cpp.cpp; path = 4963.cpp; sourceTree = "<group>"; };
		DE8A4F1D2B778F2900873BC3 /* 9084.cpp */ = {isa = PBXFileReference; lastKnownFileType = sourcecode.cpp.cpp; path = 9084.cpp; sourceTree = "<group>"; };
		DE8A4F202B77AF4000873BC3 /* 17070.cpp */ = {isa = PBXFileReference; lastKnownFileType = sourcecode.cpp.cpp; path = 17070.cpp; sourceTree = "<group>"; };
		DE8CC1D82B7865BD0087B7DF /* 1629.cpp */ = {isa = PBXFileReference; lastKnownFileType = sourcecode.cpp.cpp; path = 1629.cpp; sourceTree = "<group>"; };
		DE8CC1DC2B78D95E0087B7DF /* 10844.cpp */ = {isa = PBXFileReference; lastKnownFileType = sourcecode.cpp.cpp; path = 10844.cpp; sourceTree = "<group>"; };
		DE8CC1DE2B78F6E50087B7DF /* 2617.cpp */ = {isa = PBXFileReference; lastKnownFileType = sourcecode.cpp.cpp; path = 2617.cpp; sourceTree = "<group>"; };
		DE8CC1E02B7905F80087B7DF /* 1240.cpp */ = {isa = PBXFileReference; lastKnownFileType = sourcecode.cpp.cpp; path = 1240.cpp; sourceTree = "<group>"; };
		DE95FE8C28CF57900009DFD5 /* 15649.cpp */ = {isa = PBXFileReference; lastKnownFileType = sourcecode.cpp.cpp; path = 15649.cpp; sourceTree = "<group>"; };
		DE9892ED2B568BB300BA7831 /* 1182.cpp */ = {isa = PBXFileReference; lastKnownFileType = sourcecode.cpp.cpp; path = 1182.cpp; sourceTree = "<group>"; };
		DE9892EF2B569F4B00BA7831 /* 1759.cpp */ = {isa = PBXFileReference; lastKnownFileType = sourcecode.cpp.cpp; path = 1759.cpp; sourceTree = "<group>"; };
		DE9B905D2B99DCBB0041680C /* 1446.cpp */ = {isa = PBXFileReference; lastKnownFileType = sourcecode.cpp.cpp; path = 1446.cpp; sourceTree = "<group>"; };
		DE9B905F2B99E5870041680C /* 1753.cpp */ = {isa = PBXFileReference; lastKnownFileType = sourcecode.cpp.cpp; path = 1753.cpp; sourceTree = "<group>"; };
		DEA00E422B46B48C00E3165A /* 1303.cpp */ = {isa = PBXFileReference; lastKnownFileType = sourcecode.cpp.cpp; path = 1303.cpp; sourceTree = "<group>"; };
		DEA00E442B46CA5800E3165A /* 2178.cpp */ = {isa = PBXFileReference; lastKnownFileType = sourcecode.cpp.cpp; path = 2178.cpp; sourceTree = "<group>"; };
		DEA766BA2B5E5918008A67BD /* 7569.cpp */ = {isa = PBXFileReference; lastKnownFileType = sourcecode.cpp.cpp; path = 7569.cpp; sourceTree = "<group>"; };
		DEA766BC2B5EA38D008A67BD /* 15903.cpp */ = {isa = PBXFileReference; lastKnownFileType = sourcecode.cpp.cpp; path = 15903.cpp; sourceTree = "<group>"; };
		DEA766BE2B5EAEAB008A67BD /* 1929.cpp */ = {isa = PBXFileReference; lastKnownFileType = sourcecode.cpp.cpp; path = 1929.cpp; sourceTree = "<group>"; };
		DEAAD1FE2B95D927006E0381 /* 13305.cpp */ = {isa = PBXFileReference; lastKnownFileType = sourcecode.cpp.cpp; path = 13305.cpp; sourceTree = "<group>"; };
		DEAAD2002B95D942006E0381 /* 20920.cpp */ = {isa = PBXFileReference; lastKnownFileType = sourcecode.cpp.cpp; path = 20920.cpp; sourceTree = "<group>"; };
		DEAAD2022B95D953006E0381 /* 19941.cpp */ = {isa = PBXFileReference; lastKnownFileType = sourcecode.cpp.cpp; path = 19941.cpp; sourceTree = "<group>"; };
		DEAAD2042B95D973006E0381 /* 3758.cpp */ = {isa = PBXFileReference; lastKnownFileType = sourcecode.cpp.cpp; path = 3758.cpp; sourceTree = "<group>"; };
		DEAAD2062B95E9F7006E0381 /* 1406.cpp */ = {isa = PBXFileReference; lastKnownFileType = sourcecode.cpp.cpp; path = 1406.cpp; sourceTree = "<group>"; };
		DEAAD2082B95F0B6006E0381 /* 2607.cpp */ = {isa = PBXFileReference; lastKnownFileType = sourcecode.cpp.cpp; path = 2607.cpp; sourceTree = "<group>"; };
		DEAAD20A2B95FD6E006E0381 /* 2075.cpp */ = {isa = PBXFileReference; lastKnownFileType = sourcecode.cpp.cpp; path = 2075.cpp; sourceTree = "<group>"; };
		DEACEF7A2BBAC2470012C996 /* 7682.cpp */ = {isa = PBXFileReference; lastKnownFileType = sourcecode.cpp.cpp; path = 7682.cpp; sourceTree = "<group>"; };
		DEACEF7C2BBAC25D0012C996 /* 1863.cpp */ = {isa = PBXFileReference; lastKnownFileType = sourcecode.cpp.cpp; path = 1863.cpp; sourceTree = "<group>"; };
		DEACEF7E2BBAC2740012C996 /* 1253.cpp */ = {isa = PBXFileReference; lastKnownFileType = sourcecode.cpp.cpp; path = 1253.cpp; sourceTree = "<group>"; };
		DEB119152B9B1BE4005DEC58 /* 17615.cpp */ = {isa = PBXFileReference; lastKnownFileType = sourcecode.cpp.cpp; path = 17615.cpp; sourceTree = "<group>"; };
		DEB119302B9CB8BB005DEC58 /* 2531.cpp */ = {isa = PBXFileReference; lastKnownFileType = sourcecode.cpp.cpp; path = 2531.cpp; sourceTree = "<group>"; };
		DEB16F792B7CE0D50061341A /* 2512.cpp */ = {isa = PBXFileReference; lastKnownFileType = sourcecode.cpp.cpp; path = 2512.cpp; sourceTree = "<group>"; };
		DEB42A052BBC30610010E614 /* 3649.cpp */ = {isa = PBXFileReference; lastKnownFileType = sourcecode.cpp.cpp; path = 3649.cpp; sourceTree = "<group>"; };
		DEB67AB82AE92239007D0879 /* 10026.cpp */ = {isa = PBXFileReference; lastKnownFileType = sourcecode.cpp.cpp; path = 10026.cpp; sourceTree = "<group>"; };
		DEB67ABA2AE94CFC007D0879 /* 1926.cpp */ = {isa = PBXFileReference; lastKnownFileType = sourcecode.cpp.cpp; path = 1926.cpp; sourceTree = "<group>"; };
		DEB754A429CD3AFA00F74030 /* 2231.cpp */ = {isa = PBXFileReference; lastKnownFileType = sourcecode.cpp.cpp; path = 2231.cpp; sourceTree = "<group>"; };
		DEBC87B92B4563EB002E4E23 /* 1916.cpp */ = {isa = PBXFileReference; lastKnownFileType = sourcecode.cpp.cpp; path = 1916.cpp; sourceTree = "<group>"; };
		DEBFE2372B3D85D6008E17A5 /* 14719.cpp */ = {isa = PBXFileReference; lastKnownFileType = sourcecode.cpp.cpp; path = 14719.cpp; sourceTree = "<group>"; };
		DEC432A42B835C300060273D /* 1874.cpp */ = {isa = PBXFileReference; lastKnownFileType = sourcecode.cpp.cpp; path = 1874.cpp; sourceTree = "<group>"; };
		DEC432A62B8366930060273D /* 11286.cpp */ = {isa = PBXFileReference; lastKnownFileType = sourcecode.cpp.cpp; path = 11286.cpp; sourceTree = "<group>"; };
		DEC432A82B8392580060273D /* 3190.cpp */ = {isa = PBXFileReference; lastKnownFileType = sourcecode.cpp.cpp; path = 3190.cpp; sourceTree = "<group>"; };
		DEC6FBB42AE273C10036B9CD /* 1260.cpp */ = {isa = PBXFileReference; lastKnownFileType = sourcecode.cpp.cpp; path = 1260.cpp; sourceTree = "<group>"; };
		DEC6FBB62AE2AAA70036B9CD /* 2606.cpp */ = {isa = PBXFileReference; lastKnownFileType = sourcecode.cpp.cpp; path = 2606.cpp; sourceTree = "<group>"; };
		DEC6FBB82AE3F6040036B9CD /* 11724.cpp */ = {isa = PBXFileReference; lastKnownFileType = sourcecode.cpp.cpp; path = 11724.cpp; sourceTree = "<group>"; };
		DEC6FBBA2AE402850036B9CD /* 2667.cpp */ = {isa = PBXFileReference; lastKnownFileType = sourcecode.cpp.cpp; path = 2667.cpp; sourceTree = "<group>"; };
		DEC795862B6F2C6E00ACBD96 /* 9205.cpp */ = {isa = PBXFileReference; lastKnownFileType = sourcecode.cpp.cpp; path = 9205.cpp; sourceTree = "<group>"; };
		DEC795882B6F32D900ACBD96 /* 13549.cpp */ = {isa = PBXFileReference; lastKnownFileType = sourcecode.cpp.cpp; path = 13549.cpp; sourceTree = "<group>"; };
		DEC7958A2B6F47C400ACBD96 /* 21610.cpp */ = {isa = PBXFileReference; lastKnownFileType = sourcecode.cpp.cpp; path = 21610.cpp; sourceTree = "<group>"; };
		DEC7958C2B6F71A000ACBD96 /* 20044.cpp */ = {isa = PBXFileReference; lastKnownFileType = sourcecode.cpp.cpp; path = 20044.cpp; sourceTree = "<group>"; };
		DEC7958E2B6F770700ACBD96 /* 2885.cpp */ = {isa = PBXFileReference; lastKnownFileType = sourcecode.cpp.cpp; path = 2885.cpp; sourceTree = "<group>"; };
		DEC795902B6F89A800ACBD96 /* 11055.cpp */ = {isa = PBXFileReference; lastKnownFileType = sourcecode.cpp.cpp; path = 11055.cpp; sourceTree = "<group>"; };
		DEC795922B6F933300ACBD96 /* 11659.cpp */ = {isa = PBXFileReference; lastKnownFileType = sourcecode.cpp.cpp; path = 11659.cpp; sourceTree = "<group>"; };
		DEC795942B6FAA1100ACBD96 /* 12852.cpp */ = {isa = PBXFileReference; lastKnownFileType = sourcecode.cpp.cpp; path = 12852.cpp; sourceTree = "<group>"; };
		DEC795962B6FCD9700ACBD96 /* 1932.cpp */ = {isa = PBXFileReference; lastKnownFileType = sourcecode.cpp.cpp; path = 1932.cpp; sourceTree = "<group>"; };
		DEC9A12D2BA8528C007507FA /* 22251.cpp */ = {isa = PBXFileReference; lastKnownFileType = sourcecode.cpp.cpp; path = 22251.cpp; sourceTree = "<group>"; };
		DEC9A12F2BA862E1007507FA /* 7490.cpp */ = {isa = PBXFileReference; lastKnownFileType = sourcecode.cpp.cpp; path = 7490.cpp; sourceTree = "<group>"; };
		DEC9A1322BA87D03007507FA /* 17276.cpp */ = {isa = PBXFileReference; lastKnownFileType = sourcecode.cpp.cpp; path = 17276.cpp; sourceTree = "<group>"; };
		DECA9A422B8A03850041A2C5 /* swm.cpp */ = {isa = PBXFileReference; lastKnownFileType = sourcecode.cpp.cpp; path = swm.cpp; sourceTree = "<group>"; };
		DECA9A462B8AD21A0041A2C5 /* 1744.cpp */ = {isa = PBXFileReference; lastKnownFileType = sourcecode.cpp.cpp; path = 1744.cpp; sourceTree = "<group>"; };
		DED5B2352B307639009CDE69 /* 2504.cpp */ = {isa = PBXFileReference; lastKnownFileType = sourcecode.cpp.cpp; path = 2504.cpp; sourceTree = "<group>"; };
		DED9278728DEC4C00082B1CD /* 2798.cpp */ = {isa = PBXFileReference; lastKnownFileType = sourcecode.cpp.cpp; path = 2798.cpp; sourceTree = "<group>"; };
		DEDB87502B7B6DDD0058A0A5 /* 1931.cpp */ = {isa = PBXFileReference; lastKnownFileType = sourcecode.cpp.cpp; path = 1931.cpp; sourceTree = "<group>"; };
		DEE2766A2B70FAB700DB0012 /* 5427.cpp */ = {isa = PBXFileReference; lastKnownFileType = sourcecode.cpp.cpp; path = 5427.cpp; sourceTree = "<group>"; };
		DEE4E5BA2B90BC130024B5D2 /* 1026.cpp */ = {isa = PBXFileReference; fileEncoding = 4; lastKnownFileType = sourcecode.cpp.cpp; path = 1026.cpp; sourceTree = "<group>"; };
		DEE4E5BC2B90BC510024B5D2 /* 11047.cpp */ = {isa = PBXFileReference; fileEncoding = 4; lastKnownFileType = sourcecode.cpp.cpp; path = 11047.cpp; sourceTree = "<group>"; };
		DEE4E5BE2B90BC700024B5D2 /* 1439.cpp */ = {isa = PBXFileReference; fileEncoding = 4; lastKnownFileType = sourcecode.cpp.cpp; path = 1439.cpp; sourceTree = "<group>"; };
		DEE4E5C02B90BC830024B5D2 /* 2217.cpp */ = {isa = PBXFileReference; fileEncoding = 4; lastKnownFileType = sourcecode.cpp.cpp; path = 2217.cpp; sourceTree = "<group>"; };
		DEE4E5C42B90BCB20024B5D2 /* 17609.cpp */ = {isa = PBXFileReference; fileEncoding = 4; lastKnownFileType = sourcecode.cpp.cpp; path = 17609.cpp; sourceTree = "<group>"; };
		DEE4E5C62B90BD020024B5D2 /* 11000.cpp */ = {isa = PBXFileReference; fileEncoding = 4; lastKnownFileType = sourcecode.cpp.cpp; path = 11000.cpp; sourceTree = "<group>"; };
		DEE4E5C82B90BD840024B5D2 /* 1715.cpp */ = {isa = PBXFileReference; fileEncoding = 4; lastKnownFileType = sourcecode.cpp.cpp; path = 1715.cpp; sourceTree = "<group>"; };
		DEE4E5CA2B90BD9C0024B5D2 /* 1976.cpp */ = {isa = PBXFileReference; fileEncoding = 4; lastKnownFileType = sourcecode.cpp.cpp; path = 1976.cpp; sourceTree = "<group>"; };
		DEE4E5CC2B90BE260024B5D2 /* 2847.cpp */ = {isa = PBXFileReference; lastKnownFileType = sourcecode.cpp.cpp; path = 2847.cpp; sourceTree = "<group>"; };
		DEE4E5CE2B90C0340024B5D2 /* 11501.cpp */ = {isa = PBXFileReference; lastKnownFileType = sourcecode.cpp.cpp; path = 11501.cpp; sourceTree = "<group>"; };
		DEF9A3042B2F15FF00B1ED3B /* 11726.cpp */ = {isa = PBXFileReference; lastKnownFileType = sourcecode.cpp.cpp; path = 11726.cpp; sourceTree = "<group>"; };
		DEFA3D2A29D02FD400C9F00F /* 7568.cpp */ = {isa = PBXFileReference; lastKnownFileType = sourcecode.cpp.cpp; path = 7568.cpp; sourceTree = "<group>"; };
		DEFB613228B379F000EC1ACF /* 11399.cpp */ = {isa = PBXFileReference; lastKnownFileType = sourcecode.cpp.cpp; path = 11399.cpp; sourceTree = "<group>"; };
		DEFBF62628802EB100B2924E /* 9012.cpp */ = {isa = PBXFileReference; lastKnownFileType = sourcecode.cpp.cpp; path = 9012.cpp; sourceTree = "<group>"; };
		DEFD00922B6DF4B1004795ED /* 2644.cpp */ = {isa = PBXFileReference; lastKnownFileType = sourcecode.cpp.cpp; path = 2644.cpp; sourceTree = "<group>"; };
		DEFD00942B6E0C38004795ED /* 1697.cpp */ = {isa = PBXFileReference; lastKnownFileType = sourcecode.cpp.cpp; path = 1697.cpp; sourceTree = "<group>"; };
		DEFD00962B6E3C2B004795ED /* 14891.cpp */ = {isa = PBXFileReference; lastKnownFileType = sourcecode.cpp.cpp; path = 14891.cpp; sourceTree = "<group>"; };
		DEFE268F2B8AFAB4000278C9 /* 5430.cpp */ = {isa = PBXFileReference; lastKnownFileType = sourcecode.cpp.cpp; path = 5430.cpp; sourceTree = "<group>"; };
		DEFE26912B8B0F0B000278C9 /* 9935.cpp */ = {isa = PBXFileReference; lastKnownFileType = sourcecode.cpp.cpp; path = 9935.cpp; sourceTree = "<group>"; };
		DEFE26932B8B2074000278C9 /* 12904.cpp */ = {isa = PBXFileReference; lastKnownFileType = sourcecode.cpp.cpp; path = 12904.cpp; sourceTree = "<group>"; };
		DEFE26952B8B4B2C000278C9 /* 5582.cpp */ = {isa = PBXFileReference; lastKnownFileType = sourcecode.cpp.cpp; path = 5582.cpp; sourceTree = "<group>"; };
		DEFE26972B8B6A58000278C9 /* 2493.cpp */ = {isa = PBXFileReference; lastKnownFileType = sourcecode.cpp.cpp; path = 2493.cpp; sourceTree = "<group>"; };
		DEFE26992B8B751A000278C9 /* 1717.cpp */ = {isa = PBXFileReference; lastKnownFileType = sourcecode.cpp.cpp; path = 1717.cpp; sourceTree = "<group>"; };
		DEFFA3D02BAAF78C00BCE710 /* 1515.cpp */ = {isa = PBXFileReference; lastKnownFileType = sourcecode.cpp.cpp; path = 1515.cpp; sourceTree = "<group>"; };
		DEFFA3D22BAB00ED00BCE710 /* 21921.cpp */ = {isa = PBXFileReference; lastKnownFileType = sourcecode.cpp.cpp; path = 21921.cpp; sourceTree = "<group>"; };
		DEFFA3D42BAB0CA900BCE710 /* 17484.cpp */ = {isa = PBXFileReference; lastKnownFileType = sourcecode.cpp.cpp; path = 17484.cpp; sourceTree = "<group>"; };
/* End PBXFileReference section */

/* Begin PBXFrameworksBuildPhase section */
		DE00D8C6287EE218002F7CBE /* Frameworks */ = {
			isa = PBXFrameworksBuildPhase;
			buildActionMask = 2147483647;
			files = (
			);
			runOnlyForDeploymentPostprocessing = 0;
		};
/* End PBXFrameworksBuildPhase section */

/* Begin PBXGroup section */
		DE00D8C0287EE218002F7CBE = {
			isa = PBXGroup;
			children = (
				DE00D8CB287EE218002F7CBE /* DataStructure */,
				DE00D8CA287EE218002F7CBE /* Products */,
			);
			sourceTree = "<group>";
		};
		DE00D8CA287EE218002F7CBE /* Products */ = {
			isa = PBXGroup;
			children = (
				DE00D8C9287EE218002F7CBE /* DataStructure */,
			);
			name = Products;
			sourceTree = "<group>";
		};
		DE00D8CB287EE218002F7CBE /* DataStructure */ = {
			isa = PBXGroup;
			children = (
				DE00D8D3287EE239002F7CBE /* 10828.cpp */,
				DEFBF62628802EB100B2924E /* 9012.cpp */,
				DE68248F288D5179000A3E02 /* 18258.cpp */,
				DE682492288D58DE000A3E02 /* 11866.cpp */,
				DE6E0A322896C2DA00A358E6 /* 1021.cpp */,
				DE6E0A2C2896B6E700A358E6 /* 10866.cpp */,
				DE5B492128A105BD00BBEDF0 /* 11725.cpp */,
				DEFB613228B379F000EC1ACF /* 11399.cpp */,
				DE159DD128B9B73300044F4E /* 9184.cpp */,
				DE7ED2B828C5C7C200C739DE /* 14888.cpp */,
				DE95FE8C28CF57900009DFD5 /* 15649.cpp */,
				DED9278728DEC4C00082B1CD /* 2798.cpp */,
				DE06846128E99EDE0003FAAF /* 1992.cpp */,
				DEB754A429CD3AFA00F74030 /* 2231.cpp */,
				DEFA3D2A29D02FD400C9F00F /* 7568.cpp */,
				DE83C73C29D148E600C3E475 /* 2309.cpp */,
				DE4B66A229DAD0C100B9A0DE /* 2751.cpp */,
				DE3D938E29E172AF007134CE /* 2210.cpp */,
				DE56F4BE2AB80AC5000E5A5E /* 3184.cpp */,
				DEC6FBB42AE273C10036B9CD /* 1260.cpp */,
				DEC6FBB62AE2AAA70036B9CD /* 2606.cpp */,
				DEC6FBB82AE3F6040036B9CD /* 11724.cpp */,
				DEC6FBBA2AE402850036B9CD /* 2667.cpp */,
				DE872BF62AE4C1750021D980 /* 4963.cpp */,
				DEB67AB82AE92239007D0879 /* 10026.cpp */,
				DEB67ABA2AE94CFC007D0879 /* 1926.cpp */,
				DE6859922AEA09B80063EA86 /* 9095.cpp */,
				DE6859942AEA14BD0063EA86 /* 2748.cpp */,
				DE6859972AEA164A0063EA86 /* 14501.cpp */,
				DE5BAF702AEBA62D0005C646 /* 1149.cpp */,
				DE7B439D2B2B069300CF950F /* 2839.cpp */,
				DE2D0C0F2B2D3D6E0063CE81 /* 2579.cpp */,
				DE2D0C112B2D67600063CE81 /* 12865.cpp */,
				DE2D0C132B2DE1E30063CE81 /* 1463.cpp */,
				DEF9A3042B2F15FF00B1ED3B /* 11726.cpp */,
				DE7FC0222B30485600C07136 /* 11722.cpp */,
				DED5B2352B307639009CDE69 /* 2504.cpp */,
				DEBFE2372B3D85D6008E17A5 /* 14719.cpp */,
				DEBC87B92B4563EB002E4E23 /* 1916.cpp */,
				DEA00E422B46B48C00E3165A /* 1303.cpp */,
				DEA00E442B46CA5800E3165A /* 2178.cpp */,
				DE6448E62B49900200E7FCDF /* 2178-1.cpp */,
				DE6448EE2B4A9FFF00E7FCDF /* 1743.cpp */,
				DE6448F02B4AA7D600E7FCDF /* 16953.cpp */,
				DE9892ED2B568BB300BA7831 /* 1182.cpp */,
				DE9892EF2B569F4B00BA7831 /* 1759.cpp */,
				DE2937762B57D806006CC62C /* 15686.cpp */,
				DE2937782B57FC33006CC62C /* 14503.cpp */,
				DE29377C2B58B82A006CC62C /* 20055.cpp */,
				DE29377E2B58EA14006CC62C /* 1138.cpp */,
				DE2937802B5914EB006CC62C /* 17829.cpp */,
				DE2937822B591C71006CC62C /* 2583.cpp */,
				DE86ACE12B5BE30A00B46CA2 /* 16987.cpp */,
				DE4FE36E2B5D449A0008BBB2 /* 11403.cpp */,
				DE4FE3702B5D55D10008BBB2 /* 2660.cpp */,
				DEA766BA2B5E5918008A67BD /* 7569.cpp */,
				DEA766BC2B5EA38D008A67BD /* 15903.cpp */,
				DEA766BE2B5EAEAB008A67BD /* 1929.cpp */,
				DE412EE02B5F499200098CC7 /* 9372.cpp */,
				DE412EE22B5F5B4800098CC7 /* 9934.cpp */,
				DE412EE42B5F82B400098CC7 /* 13913.cpp */,
				DE07CF3B2B5FDB57001CF9A5 /* 13335.cpp */,
				DE2A33AE2B609C2F0004B885 /* 14889.cpp */,
				DE2A33B02B60B3670004B885 /* 1991.cpp */,
				DE2A33B22B60D7430004B885 /* 7562.cpp */,
				DE2A33B42B60E0D40004B885 /* 1012.cpp */,
				DE2A33B62B60E9680004B885 /* 5014.cpp */,
				DE2A33B82B60F3640004B885 /* 2468.cpp */,
				DE2A33BA2B6100520004B885 /* 6593.cpp */,
				DEFD00922B6DF4B1004795ED /* 2644.cpp */,
				DEFD00942B6E0C38004795ED /* 1697.cpp */,
				DEFD00962B6E3C2B004795ED /* 14891.cpp */,
				DEC795862B6F2C6E00ACBD96 /* 9205.cpp */,
				DEC795882B6F32D900ACBD96 /* 13549.cpp */,
				DEC7958A2B6F47C400ACBD96 /* 21610.cpp */,
				DEC7958C2B6F71A000ACBD96 /* 20044.cpp */,
				DEC7958E2B6F770700ACBD96 /* 2885.cpp */,
				DEC795902B6F89A800ACBD96 /* 11055.cpp */,
				DEC795922B6F933300ACBD96 /* 11659.cpp */,
				DEC795942B6FAA1100ACBD96 /* 12852.cpp */,
				DEC795962B6FCD9700ACBD96 /* 1932.cpp */,
				DEE2766A2B70FAB700DB0012 /* 5427.cpp */,
				DE529AD02B722BD50050413C /* 11727.cpp */,
				DE529AD32B7235940050413C /* 1912.cpp */,
				DE529AD52B7236E90050413C /* 2302.cpp */,
				DE529AD72B7253D50050413C /* 9465.cpp */,
				DE529AD92B7277BC0050413C /* 11057.cpp */,
				DE75A4EF2B7381F2009CC7CE /* 2156.cpp */,
				DE75A4F12B73869E009CC7CE /* 2573.cpp */,
				DE75A4F32B73AB1A009CC7CE /* 11660.cpp */,
				DE75A4F62B75E5CA009CC7CE /* 4179.cpp */,
				DE75A4F82B76045C009CC7CE /* 15486.cpp */,
				DE75A4FA2B761B13009CC7CE /* 1068.cpp */,
				DE720B692B777CBE00EB1166 /* 2636.cpp */,
				DE8A4F1D2B778F2900873BC3 /* 9084.cpp */,
				DE8A4F202B77AF4000873BC3 /* 17070.cpp */,
				DE8CC1D82B7865BD0087B7DF /* 1629.cpp */,
				DE8CC1DC2B78D95E0087B7DF /* 10844.cpp */,
				DE8CC1DE2B78F6E50087B7DF /* 2617.cpp */,
				DE8CC1E02B7905F80087B7DF /* 1240.cpp */,
				DE80A5BE2B79B9E3006F6CCD /* 1043.cpp */,
				DE80A5C02B79E089006F6CCD /* 2565.cpp */,
				DE80A5C22B7A0B92006F6CCD /* 14921.cpp */,
				DE80A5C62B7A2933006F6CCD /* 1389.cpp */,
				DE80A5C82B7A401B006F6CCD /* 6118.cpp */,
				DE80A5CA2B7A430B006F6CCD /* 6198.cpp */,
				DEDB87502B7B6DDD0058A0A5 /* 1931.cpp */,
				DEB16F792B7CE0D50061341A /* 2512.cpp */,
				DE5A2CD42B7E33F30082431B /* 1707.cpp */,
				DE5C1F512B7F632000D5FB0F /* 2170.cpp */,
				DE5C1F572B80D07200D5FB0F /* 21608.cpp */,
				DE784BF02B82082C0020D8D4 /* 14502.cpp */,
				DEC432A42B835C300060273D /* 1874.cpp */,
				DEC432A62B8366930060273D /* 11286.cpp */,
				DEC432A82B8392580060273D /* 3190.cpp */,
				DE2740AF2B87781300F6BA01 /* 15683.cpp */,
				DECA9A422B8A03850041A2C5 /* swm.cpp */,
				DECA9A462B8AD21A0041A2C5 /* 1744.cpp */,
				DEFE268F2B8AFAB4000278C9 /* 5430.cpp */,
				DEFE26912B8B0F0B000278C9 /* 9935.cpp */,
				DEFE26932B8B2074000278C9 /* 12904.cpp */,
				DEFE26952B8B4B2C000278C9 /* 5582.cpp */,
				DEFE26972B8B6A58000278C9 /* 2493.cpp */,
				DEFE26992B8B751A000278C9 /* 1717.cpp */,
				DE53C1202B8C9C690099CB79 /* 7662.cpp */,
				DE53C1222B8CBAD80099CB79 /* 12919.cpp */,
				DEE4E5C82B90BD840024B5D2 /* 1715.cpp */,
				DEE4E5CA2B90BD9C0024B5D2 /* 1976.cpp */,
				DEE4E5C62B90BD020024B5D2 /* 11000.cpp */,
				DEE4E5C42B90BCB20024B5D2 /* 17609.cpp */,
				DE6689B22B8F526B00048F4E /* 17609.cpp */,
				DEE4E5BA2B90BC130024B5D2 /* 1026.cpp */,
				DEE4E5BC2B90BC510024B5D2 /* 11047.cpp */,
				DEE4E5BE2B90BC700024B5D2 /* 1439.cpp */,
				DEE4E5C02B90BC830024B5D2 /* 2217.cpp */,
				DEE4E5CC2B90BE260024B5D2 /* 2847.cpp */,
				DEE4E5CE2B90C0340024B5D2 /* 11501.cpp */,
				DE62E70F2B91C0F0004E3373 /* 2146.cpp */,
				DE62E7112B91D61D004E3373 /* 2002.cpp */,
				DE0797262B92C82B0003EC38 /* 11478.cpp */,
				DE0797282B92E41F0003EC38 /* 9536.cpp */,
				DE07972A2B92EC9C0003EC38 /* 1541.cpp */,
				DE07972C2B92F67C0003EC38 /* 15650.cpp */,
				DE07972E2B93664D0003EC38 /* 15651.cpp */,
				DE0797302B936DBA0003EC38 /* 15652.cpp */,
				DE0797322B93710D0003EC38 /* 15654.cpp */,
				DE0797342B9378440003EC38 /* 15655.cpp */,
				DE0797362B937C7B0003EC38 /* 2206.cpp */,
				DE7122FD2B942C680066F30C /* 15656.cpp */,
				DE7122FF2B942E060066F30C /* 15657.cpp */,
				DE7123012B942F1C0066F30C /* 15663.cpp */,
				DE7123032B94401C0066F30C /* 15664.cpp */,
				DE7123052B9443DC0066F30C /* 15665.cpp */,
				DE7123082B9445050066F30C /* 15666.cpp */,
				DE71230A2B94483C0066F30C /* 17281.cpp */,
				DE71230C2B946A320066F30C /* 2290.cpp */,
				DE71230E2B94893D0066F30C /* 16113.cpp */,
				DE7123102B94ABCD0066F30C /* 9017.cpp */,
				DEAAD1FE2B95D927006E0381 /* 13305.cpp */,
				DEAAD2002B95D942006E0381 /* 20920.cpp */,
				DEAAD2022B95D953006E0381 /* 19941.cpp */,
				DEAAD2042B95D973006E0381 /* 3758.cpp */,
				DEAAD2062B95E9F7006E0381 /* 1406.cpp */,
				DEAAD2082B95F0B6006E0381 /* 2607.cpp */,
				DEAAD20A2B95FD6E006E0381 /* 2075.cpp */,
				DE464E292B972FB2006BC36D /* 1927.cpp */,
				DE464E2C2B972FB2006BC36D /* 2304.cpp */,
				DE464E2A2B972FB2006BC36D /* 20922.cpp */,
				DE464E2B2B972FB2006BC36D /* 22233.cpp */,
				DE464E312B972FD4006BC36D /* 20006.cpp */,
				DE52D3ED2B9885BF0057F1FA /* 1347.cpp */,
				DE52D3EF2B988FE40057F1FA /* 1522.cpp */,
				DE9B905D2B99DCBB0041680C /* 1446.cpp */,
				DE9B905F2B99E5870041680C /* 1753.cpp */,
				DEB119152B9B1BE4005DEC58 /* 17615.cpp */,
				DEB119302B9CB8BB005DEC58 /* 2531.cpp */,
				DE4D2B8E2B9D62010095D6A8 /* 20437.cpp */,
				DE4D2B912B9D84940095D6A8 /* 15988.cpp */,
				DE4D2B932B9D895A0095D6A8 /* 11052.cpp */,
				DE4D2B952B9F31B60095D6A8 /* 5972.cpp */,
				DE25D2392BA099FB0094D88E /* 2668.cpp */,
				DEC9A12D2BA8528C007507FA /* 22251.cpp */,
				DEC9A12F2BA862E1007507FA /* 7490.cpp */,
				DEC9A1322BA87D03007507FA /* 17276.cpp */,
				DEFFA3D02BAAF78C00BCE710 /* 1515.cpp */,
				DEFFA3D22BAB00ED00BCE710 /* 21921.cpp */,
				DEFFA3D42BAB0CA900BCE710 /* 17484.cpp */,
				DE1A17292BB0463200160FEE /* 20310.cpp */,
				DE1A172B2BB0582E00160FEE /* 19637.cpp */,
				DE3A4CF32BB1BB2700D77F22 /* 15989.cpp */,
				DE3A4CF52BB1BB4D00D77F22 /* 16918.cpp */,
				DEACEF7A2BBAC2470012C996 /* 7682.cpp */,
				DEACEF7C2BBAC25D0012C996 /* 1863.cpp */,
				DEACEF7E2BBAC2740012C996 /* 1253.cpp */,
				DEB42A052BBC30610010E614 /* 3649.cpp */,
				DE52F00C2BBD65B30087F5B8 /* 1236.cpp */,
				DE52F00E2BBD75180087F5B8 /* 1268.cpp */,
				DE52F0102BBD7B7C0087F5B8 /* 16236.cpp */,
			);
			path = DataStructure;
			sourceTree = "<group>";
		};
/* End PBXGroup section */

/* Begin PBXNativeTarget section */
		DE00D8C8287EE218002F7CBE /* DataStructure */ = {
			isa = PBXNativeTarget;
			buildConfigurationList = DE00D8D0287EE218002F7CBE /* Build configuration list for PBXNativeTarget "DataStructure" */;
			buildPhases = (
				DE00D8C5287EE218002F7CBE /* Sources */,
				DE00D8C6287EE218002F7CBE /* Frameworks */,
				DE00D8C7287EE218002F7CBE /* CopyFiles */,
			);
			buildRules = (
			);
			dependencies = (
			);
			name = DataStructure;
			productName = DataStructure;
			productReference = DE00D8C9287EE218002F7CBE /* DataStructure */;
			productType = "com.apple.product-type.tool";
		};
/* End PBXNativeTarget section */

/* Begin PBXProject section */
		DE00D8C1287EE218002F7CBE /* Project object */ = {
			isa = PBXProject;
			attributes = {
				BuildIndependentTargetsInParallel = 1;
				LastUpgradeCheck = 1340;
				TargetAttributes = {
					DE00D8C8287EE218002F7CBE = {
						CreatedOnToolsVersion = 13.4.1;
					};
				};
			};
			buildConfigurationList = DE00D8C4287EE218002F7CBE /* Build configuration list for PBXProject "DataStructure" */;
			compatibilityVersion = "Xcode 13.0";
			developmentRegion = en;
			hasScannedForEncodings = 0;
			knownRegions = (
				en,
				Base,
			);
			mainGroup = DE00D8C0287EE218002F7CBE;
			productRefGroup = DE00D8CA287EE218002F7CBE /* Products */;
			projectDirPath = "";
			projectRoot = "";
			targets = (
				DE00D8C8287EE218002F7CBE /* DataStructure */,
			);
		};
/* End PBXProject section */

/* Begin PBXSourcesBuildPhase section */
		DE00D8C5287EE218002F7CBE /* Sources */ = {
			isa = PBXSourcesBuildPhase;
			buildActionMask = 2147483647;
			files = (
			);
			runOnlyForDeploymentPostprocessing = 0;
		};
/* End PBXSourcesBuildPhase section */

/* Begin XCBuildConfiguration section */
		DE00D8CE287EE218002F7CBE /* Debug */ = {
			isa = XCBuildConfiguration;
			buildSettings = {
				ALWAYS_SEARCH_USER_PATHS = NO;
				CLANG_ANALYZER_NONNULL = YES;
				CLANG_ANALYZER_NUMBER_OBJECT_CONVERSION = YES_AGGRESSIVE;
				CLANG_CXX_LANGUAGE_STANDARD = "gnu++17";
				CLANG_ENABLE_MODULES = YES;
				CLANG_ENABLE_OBJC_ARC = YES;
				CLANG_ENABLE_OBJC_WEAK = YES;
				CLANG_WARN_BLOCK_CAPTURE_AUTORELEASING = YES;
				CLANG_WARN_BOOL_CONVERSION = YES;
				CLANG_WARN_COMMA = YES;
				CLANG_WARN_CONSTANT_CONVERSION = YES;
				CLANG_WARN_DEPRECATED_OBJC_IMPLEMENTATIONS = YES;
				CLANG_WARN_DIRECT_OBJC_ISA_USAGE = YES_ERROR;
				CLANG_WARN_DOCUMENTATION_COMMENTS = YES;
				CLANG_WARN_EMPTY_BODY = YES;
				CLANG_WARN_ENUM_CONVERSION = YES;
				CLANG_WARN_INFINITE_RECURSION = YES;
				CLANG_WARN_INT_CONVERSION = YES;
				CLANG_WARN_NON_LITERAL_NULL_CONVERSION = YES;
				CLANG_WARN_OBJC_IMPLICIT_RETAIN_SELF = YES;
				CLANG_WARN_OBJC_LITERAL_CONVERSION = YES;
				CLANG_WARN_OBJC_ROOT_CLASS = YES_ERROR;
				CLANG_WARN_QUOTED_INCLUDE_IN_FRAMEWORK_HEADER = YES;
				CLANG_WARN_RANGE_LOOP_ANALYSIS = YES;
				CLANG_WARN_STRICT_PROTOTYPES = YES;
				CLANG_WARN_SUSPICIOUS_MOVE = YES;
				CLANG_WARN_UNGUARDED_AVAILABILITY = YES_AGGRESSIVE;
				CLANG_WARN_UNREACHABLE_CODE = YES;
				CLANG_WARN__DUPLICATE_METHOD_MATCH = YES;
				COPY_PHASE_STRIP = NO;
				DEBUG_INFORMATION_FORMAT = dwarf;
				ENABLE_STRICT_OBJC_MSGSEND = YES;
				ENABLE_TESTABILITY = YES;
				GCC_C_LANGUAGE_STANDARD = gnu11;
				GCC_DYNAMIC_NO_PIC = NO;
				GCC_NO_COMMON_BLOCKS = YES;
				GCC_OPTIMIZATION_LEVEL = 0;
				GCC_PREPROCESSOR_DEFINITIONS = (
					"DEBUG=1",
					"$(inherited)",
				);
				GCC_WARN_64_TO_32_BIT_CONVERSION = YES;
				GCC_WARN_ABOUT_RETURN_TYPE = YES_ERROR;
				GCC_WARN_UNDECLARED_SELECTOR = YES;
				GCC_WARN_UNINITIALIZED_AUTOS = YES_AGGRESSIVE;
				GCC_WARN_UNUSED_FUNCTION = YES;
				GCC_WARN_UNUSED_VARIABLE = YES;
				MACOSX_DEPLOYMENT_TARGET = 12.3;
				MTL_ENABLE_DEBUG_INFO = INCLUDE_SOURCE;
				MTL_FAST_MATH = YES;
				ONLY_ACTIVE_ARCH = YES;
				SDKROOT = macosx;
			};
			name = Debug;
		};
		DE00D8CF287EE218002F7CBE /* Release */ = {
			isa = XCBuildConfiguration;
			buildSettings = {
				ALWAYS_SEARCH_USER_PATHS = NO;
				CLANG_ANALYZER_NONNULL = YES;
				CLANG_ANALYZER_NUMBER_OBJECT_CONVERSION = YES_AGGRESSIVE;
				CLANG_CXX_LANGUAGE_STANDARD = "gnu++17";
				CLANG_ENABLE_MODULES = YES;
				CLANG_ENABLE_OBJC_ARC = YES;
				CLANG_ENABLE_OBJC_WEAK = YES;
				CLANG_WARN_BLOCK_CAPTURE_AUTORELEASING = YES;
				CLANG_WARN_BOOL_CONVERSION = YES;
				CLANG_WARN_COMMA = YES;
				CLANG_WARN_CONSTANT_CONVERSION = YES;
				CLANG_WARN_DEPRECATED_OBJC_IMPLEMENTATIONS = YES;
				CLANG_WARN_DIRECT_OBJC_ISA_USAGE = YES_ERROR;
				CLANG_WARN_DOCUMENTATION_COMMENTS = YES;
				CLANG_WARN_EMPTY_BODY = YES;
				CLANG_WARN_ENUM_CONVERSION = YES;
				CLANG_WARN_INFINITE_RECURSION = YES;
				CLANG_WARN_INT_CONVERSION = YES;
				CLANG_WARN_NON_LITERAL_NULL_CONVERSION = YES;
				CLANG_WARN_OBJC_IMPLICIT_RETAIN_SELF = YES;
				CLANG_WARN_OBJC_LITERAL_CONVERSION = YES;
				CLANG_WARN_OBJC_ROOT_CLASS = YES_ERROR;
				CLANG_WARN_QUOTED_INCLUDE_IN_FRAMEWORK_HEADER = YES;
				CLANG_WARN_RANGE_LOOP_ANALYSIS = YES;
				CLANG_WARN_STRICT_PROTOTYPES = YES;
				CLANG_WARN_SUSPICIOUS_MOVE = YES;
				CLANG_WARN_UNGUARDED_AVAILABILITY = YES_AGGRESSIVE;
				CLANG_WARN_UNREACHABLE_CODE = YES;
				CLANG_WARN__DUPLICATE_METHOD_MATCH = YES;
				COPY_PHASE_STRIP = NO;
				DEBUG_INFORMATION_FORMAT = "dwarf-with-dsym";
				ENABLE_NS_ASSERTIONS = NO;
				ENABLE_STRICT_OBJC_MSGSEND = YES;
				GCC_C_LANGUAGE_STANDARD = gnu11;
				GCC_NO_COMMON_BLOCKS = YES;
				GCC_WARN_64_TO_32_BIT_CONVERSION = YES;
				GCC_WARN_ABOUT_RETURN_TYPE = YES_ERROR;
				GCC_WARN_UNDECLARED_SELECTOR = YES;
				GCC_WARN_UNINITIALIZED_AUTOS = YES_AGGRESSIVE;
				GCC_WARN_UNUSED_FUNCTION = YES;
				GCC_WARN_UNUSED_VARIABLE = YES;
				MACOSX_DEPLOYMENT_TARGET = 12.3;
				MTL_ENABLE_DEBUG_INFO = NO;
				MTL_FAST_MATH = YES;
				SDKROOT = macosx;
			};
			name = Release;
		};
		DE00D8D1287EE218002F7CBE /* Debug */ = {
			isa = XCBuildConfiguration;
			buildSettings = {
				CODE_SIGN_STYLE = Automatic;
				PRODUCT_NAME = "$(TARGET_NAME)";
			};
			name = Debug;
		};
		DE00D8D2287EE218002F7CBE /* Release */ = {
			isa = XCBuildConfiguration;
			buildSettings = {
				CODE_SIGN_STYLE = Automatic;
				PRODUCT_NAME = "$(TARGET_NAME)";
			};
			name = Release;
		};
/* End XCBuildConfiguration section */

/* Begin XCConfigurationList section */
		DE00D8C4287EE218002F7CBE /* Build configuration list for PBXProject "DataStructure" */ = {
			isa = XCConfigurationList;
			buildConfigurations = (
				DE00D8CE287EE218002F7CBE /* Debug */,
				DE00D8CF287EE218002F7CBE /* Release */,
			);
			defaultConfigurationIsVisible = 0;
			defaultConfigurationName = Release;
		};
		DE00D8D0287EE218002F7CBE /* Build configuration list for PBXNativeTarget "DataStructure" */ = {
			isa = XCConfigurationList;
			buildConfigurations = (
				DE00D8D1287EE218002F7CBE /* Debug */,
				DE00D8D2287EE218002F7CBE /* Release */,
			);
			defaultConfigurationIsVisible = 0;
			defaultConfigurationName = Release;
		};
/* End XCConfigurationList section */
	};
	rootObject = DE00D8C1287EE218002F7CBE /* Project object */;
}
